apiVersion: vendir.k14s.io/v1alpha1
directories:
- contents:
  - git:
      commitTitle: 'chore(deps): bump github.com/aws/aws-sdk-go-v2/service/s3 from
        1.97.1 to 1.97.3 (#2778)...'
      sha: 8fa9dc04aca4a372bd4c5a7ba84a2bc3e7eab82a
      tags:
      - nightly
    path: .
  path: internal/execext
kind: LockConfig
